<?xml version="1.0" encoding="utf-8"?>
<Project ToolsVersion="4.0" xmlns="http://schemas.microsoft.com/developer/msbuild/2003">
  <ItemGroup>
    <Filter Include="Source Files">
      <UniqueIdentifier>{4FC737F1-C7A5-4376-A066-2A32D752A2FF}</UniqueIdentifier>
      <Extensions>cpp;c;cc;cxx;def;odl;idl;hpj;bat;asm;asmx</Extensions>
    </Filter>
    <Filter Include="Header Files">
      <UniqueIdentifier>{93995380-89BD-4b04-88EB-625FBE52EBFB}</UniqueIdentifier>
      <Extensions>h;hh;hpp;hxx;hm;inl;inc;xsd</Extensions>
    </Filter>
    <Filter Include="Resource Files">
      <UniqueIdentifier>{67DA6AB6-F800-4c08-8B7A-83BB121AAD01}</UniqueIdentifier>
      <Extensions>rc;ico;cur;bmp;dlg;rc2;rct;bin;rgs;gif;jpg;jpeg;jpe;resx;tiff;tif;png;wav;mfcribbon-ms</Extensions>
    </Filter>
  </ItemGroup>
  <ItemGroup>
    <ClCompile Include="galaxy\hooking_mode\bone_processing_hook.cpp">
      <Filter>Source Files</Filter>
    </ClCompile>
    <ClCompile Include="galaxy\hooking_mode\createmove_hook.cpp">
      <Filter>Source Files</Filter>
    </ClCompile>
    <ClCompile Include="galaxy\hooking_mode\dme_hook.cpp">
      <Filter>Source Files</Filter>
    </ClCompile>
    <ClCompile Include="galaxy\hooking_mode\event_hook.cpp">
      <Filter>Source Files</Filter>
    </ClCompile>
    <ClCompile Include="galaxy\hooking_mode\fsn_hook.cpp">
      <Filter>Source Files</Filter>
    </ClCompile>
    <ClCompile Include="galaxy\hooking_mode\hooking_init.cpp">
      <Filter>Source Files</Filter>
    </ClCompile>
    <ClCompile Include="galaxy\hooking_mode\lock_cursor_hook.cpp">
      <Filter>Source Files</Filter>
    </ClCompile>
    <ClCompile Include="galaxy\hooking_mode\oview_hook.cpp">
      <Filter>Source Files</Filter>
    </ClCompile>
    <ClCompile Include="galaxy\hooking_mode\painttraverse_hook.cpp">
      <Filter>Source Files</Filter>
    </ClCompile>
    <ClCompile Include="galaxy\hooking_mode\sceneend_hook.cpp">
      <Filter>Source Files</Filter>
    </ClCompile>
    <ClCompile Include="galaxy\hooking_mode\wndproc_hook.cpp">
      <Filter>Source Files</Filter>
    </ClCompile>
    <ClCompile Include="galaxy\c_hooks.cpp">
      <Filter>Source Files</Filter>
    </ClCompile>
    <ClCompile Include="galaxy\core\Aimbot\Autowall.cpp">
      <Filter>Source Files</Filter>
    </ClCompile>
    <ClCompile Include="galaxy\core\Aimbot\EnginePrediction.cpp">
      <Filter>Source Files</Filter>
    </ClCompile>
    <ClCompile Include="galaxy\core\Legit\Legitbot.cpp">
      <Filter>Source Files</Filter>
    </ClCompile>
    <ClCompile Include="galaxy\core\Resolver\Resolver.cpp">
      <Filter>Source Files</Filter>
    </ClCompile>
    <ClCompile Include="galaxy\core\Visuals\c_esp.cpp">
      <Filter>Source Files</Filter>
    </ClCompile>
    <ClCompile Include="galaxy\dll_main.cpp">
      <Filter>Source Files</Filter>
    </ClCompile>
    <ClCompile Include="galaxy\gui\config_system.cpp">
      <Filter>Source Files</Filter>
    </ClCompile>
    <ClCompile Include="galaxy\hooking_mode\directx_preset_hook.cpp">
      <Filter>Source Files</Filter>
    </ClCompile>
    <ClCompile Include="galaxy\gui\menu_system.cpp">
      <Filter>Source Files</Filter>
    </ClCompile>
    <ClCompile Include="galaxy\valve_sdk\CEntity.cpp">
      <Filter>Source Files</Filter>
    </ClCompile>
    <ClCompile Include="galaxy\valve_sdk\checksum_crc.cpp">
      <Filter>Source Files</Filter>
    </ClCompile>
    <ClCompile Include="galaxy\valve_utils\GlobalVars.cpp">
      <Filter>Source Files</Filter>
    </ClCompile>
    <ClCompile Include="galaxy\valve_utils\Interfaces.cpp">
      <Filter>Source Files</Filter>
    </ClCompile>
    <ClCompile Include="galaxy\valve_utils\Math.cpp">
      <Filter>Source Files</Filter>
    </ClCompile>
    <ClCompile Include="galaxy\valve_utils\NetvarManager.cpp">
      <Filter>Source Files</Filter>
    </ClCompile>
    <ClCompile Include="galaxy\gui\imgui\dx9\imgui_impl_dx9.cpp">
      <Filter>Source Files</Filter>
    </ClCompile>
    <ClCompile Include="galaxy\gui\imgui\imgui.cpp">
      <Filter>Source Files</Filter>
    </ClCompile>
    <ClCompile Include="galaxy\gui\imgui\imgui_draw.cpp">
      <Filter>Source Files</Filter>
    </ClCompile>
    <ClCompile Include="galaxy\core\Visuals\other_esp.cpp">
      <Filter>Source Files</Filter>
    </ClCompile>
    <ClCompile Include="galaxy\core\Aimbot\c_ragebot.cpp">
      <Filter>Source Files</Filter>
    </ClCompile>
    <ClCompile Include="galaxy\core\Animations System\animation_system.cpp">
      <Filter>Source Files</Filter>
    </ClCompile>
    <ClCompile Include="galaxy\core\AntiAim\c_antiaim.cpp">
      <Filter>Source Files</Filter>
    </ClCompile>
    <ClCompile Include="galaxy\core\Premium\exploits.cpp">
      <Filter>Source Files</Filter>
    </ClCompile>
    <ClCompile Include="galaxy\core\Premium\premium_stuff.cpp">
      <Filter>Source Files</Filter>
    </ClCompile>
    <ClCompile Include="galaxy\core\Aimbot\lag_compensation.cpp">
      <Filter>Source Files</Filter>
    </ClCompile>
    <ClCompile Include="galaxy\hooking_mode\vfunc_hook.cpp">
      <Filter>Source Files</Filter>
    </ClCompile>
    <ClCompile Include="galaxy\core\Premium\fake_lag.cpp">
      <Filter>Source Files</Filter>
    </ClCompile>
  </ItemGroup>
  <ItemGroup>
    <ClInclude Include="galaxy\hooking_mode\hooking_init.h">
      <Filter>Header Files</Filter>
    </ClInclude>
    <ClInclude Include="galaxy\c_hooks.h">
      <Filter>Header Files</Filter>
    </ClInclude>
    <ClInclude Include="galaxy\core\Aimbot\Autowall.h">
      <Filter>Header Files</Filter>
    </ClInclude>
    <ClInclude Include="galaxy\core\Aimbot\EnginePrediction.h">
      <Filter>Header Files</Filter>
    </ClInclude>
    <ClInclude Include="galaxy\core\Legit\Legitbot.h">
      <Filter>Header Files</Filter>
    </ClInclude>
    <ClInclude Include="galaxy\core\Misc\Misc.h">
      <Filter>Header Files</Filter>
    </ClInclude>
    <ClInclude Include="galaxy\core\Resolver\Resolver.h">
      <Filter>Header Files</Filter>
    </ClInclude>
    <ClInclude Include="galaxy\core\Visuals\c_esp.h">
      <Filter>Header Files</Filter>
    </ClInclude>
    <ClInclude Include="galaxy\core\external_inclues.h">
      <Filter>Header Files</Filter>
    </ClInclude>
    <ClInclude Include="galaxy\gui\archivex.hpp">
      <Filter>Header Files</Filter>
    </ClInclude>
    <ClInclude Include="galaxy\gui\config_system.h">
      <Filter>Header Files</Filter>
    </ClInclude>
    <ClInclude Include="galaxy\gui\menu_system.h">
      <Filter>Header Files</Filter>
    </ClInclude>
    <ClInclude Include="galaxy\valve_sdk\bspflags.h">
      <Filter>Header Files</Filter>
    </ClInclude>
    <ClInclude Include="galaxy\valve_sdk\CEntity.h">
      <Filter>Header Files</Filter>
    </ClInclude>
    <ClInclude Include="galaxy\valve_sdk\CGlobalVarsBase.h">
      <Filter>Header Files</Filter>
    </ClInclude>
    <ClInclude Include="galaxy\valve_sdk\CHandle.h">
      <Filter>Header Files</Filter>
    </ClInclude>
    <ClInclude Include="galaxy\valve_sdk\checksum_crc.h">
      <Filter>Header Files</Filter>
    </ClInclude>
    <ClInclude Include="galaxy\valve_sdk\CInput.h">
      <Filter>Header Files</Filter>
    </ClInclude>
    <ClInclude Include="galaxy\valve_sdk\ClientClass.h">
      <Filter>Header Files</Filter>
    </ClInclude>
    <ClInclude Include="galaxy\valve_sdk\CModelRender.h">
      <Filter>Header Files</Filter>
    </ClInclude>
    <ClInclude Include="galaxy\valve_sdk\CPrediction.h">
      <Filter>Header Files</Filter>
    </ClInclude>
    <ClInclude Include="galaxy\valve_sdk\Definitions.h">
      <Filter>Header Files</Filter>
    </ClInclude>
    <ClInclude Include="galaxy\valve_sdk\Hitboxes.h">
      <Filter>Header Files</Filter>
    </ClInclude>
    <ClInclude Include="galaxy\valve_sdk\IBaseClientDll.h">
      <Filter>Header Files</Filter>
    </ClInclude>
    <ClInclude Include="galaxy\valve_sdk\IClientEntity.h">
      <Filter>Header Files</Filter>
    </ClInclude>
    <ClInclude Include="galaxy\valve_sdk\IClientEntityList.h">
      <Filter>Header Files</Filter>
    </ClInclude>
    <ClInclude Include="galaxy\valve_sdk\IClientMode.h">
      <Filter>Header Files</Filter>
    </ClInclude>
    <ClInclude Include="galaxy\valve_sdk\IClientNetworkable.h">
      <Filter>Header Files</Filter>
    </ClInclude>
    <ClInclude Include="galaxy\valve_sdk\IClientRenderable.h">
      <Filter>Header Files</Filter>
    </ClInclude>
    <ClInclude Include="galaxy\valve_sdk\IClientThinkable.h">
      <Filter>Header Files</Filter>
    </ClInclude>
    <ClInclude Include="galaxy\valve_sdk\IClientUnknown.h">
      <Filter>Header Files</Filter>
    </ClInclude>
    <ClInclude Include="galaxy\valve_sdk\ICvar.h">
      <Filter>Header Files</Filter>
    </ClInclude>
    <ClInclude Include="galaxy\valve_sdk\IEngineTrace.h">
      <Filter>Header Files</Filter>
    </ClInclude>
    <ClInclude Include="galaxy\valve_sdk\IGameEvent.h">
      <Filter>Header Files</Filter>
    </ClInclude>
    <ClInclude Include="galaxy\valve_sdk\IMaterial.h">
      <Filter>Header Files</Filter>
    </ClInclude>
    <ClInclude Include="galaxy\valve_sdk\ISurface.h">
      <Filter>Header Files</Filter>
    </ClInclude>
    <ClInclude Include="galaxy\valve_sdk\ISurfaceData.h">
      <Filter>Header Files</Filter>
    </ClInclude>
    <ClInclude Include="galaxy\valve_sdk\IVEngineClient.h">
      <Filter>Header Files</Filter>
    </ClInclude>
    <ClInclude Include="galaxy\valve_sdk\IVModelInfo.h">
      <Filter>Header Files</Filter>
    </ClInclude>
    <ClInclude Include="galaxy\valve_sdk\IVRenderView.h">
      <Filter>Header Files</Filter>
    </ClInclude>
    <ClInclude Include="galaxy\valve_sdk\KeyValues.h">
      <Filter>Header Files</Filter>
    </ClInclude>
    <ClInclude Include="galaxy\valve_sdk\PlayerInfo.h">
      <Filter>Header Files</Filter>
    </ClInclude>
    <ClInclude Include="galaxy\valve_sdk\Recv.h">
      <Filter>Header Files</Filter>
    </ClInclude>
    <ClInclude Include="galaxy\valve_sdk\Vector.h">
      <Filter>Header Files</Filter>
    </ClInclude>
    <ClInclude Include="galaxy\valve_sdk\VMatrix.h">
      <Filter>Header Files</Filter>
    </ClInclude>
    <ClInclude Include="galaxy\valve_utils\Color.h">
      <Filter>Header Files</Filter>
    </ClInclude>
    <ClInclude Include="galaxy\valve_utils\GlobalVars.h">
      <Filter>Header Files</Filter>
    </ClInclude>
    <ClInclude Include="galaxy\valve_utils\Interfaces.h">
      <Filter>Header Files</Filter>
    </ClInclude>
    <ClInclude Include="galaxy\valve_utils\Math.h">
      <Filter>Header Files</Filter>
    </ClInclude>
    <ClInclude Include="galaxy\valve_utils\NetvarManager.h">
      <Filter>Header Files</Filter>
    </ClInclude>
    <ClInclude Include="galaxy\valve_utils\SPoint.h">
      <Filter>Header Files</Filter>
    </ClInclude>
    <ClInclude Include="galaxy\valve_utils\SRect.h">
      <Filter>Header Files</Filter>
    </ClInclude>
    <ClInclude Include="galaxy\valve_utils\Utils.h">
      <Filter>Header Files</Filter>
    </ClInclude>
    <ClInclude Include="galaxy\valve_utils\XorStr.h">
      <Filter>Header Files</Filter>
    </ClInclude>
    <ClInclude Include="galaxy\gui\imgui\dx9\imgui_impl_dx9.h">
      <Filter>Header Files</Filter>
    </ClInclude>
    <ClInclude Include="galaxy\gui\imgui\font.hh">
      <Filter>Header Files</Filter>
    </ClInclude>
    <ClInclude Include="galaxy\gui\imgui\imconfig.h">
      <Filter>Header Files</Filter>
    </ClInclude>
    <ClInclude Include="galaxy\gui\imgui\imgui.h">
      <Filter>Header Files</Filter>
    </ClInclude>
    <ClInclude Include="galaxy\gui\imgui\imgui_internal.h">
      <Filter>Header Files</Filter>
    </ClInclude>
    <ClInclude Include="galaxy\gui\imgui\stb_rect_pack.h">
      <Filter>Header Files</Filter>
    </ClInclude>
    <ClInclude Include="galaxy\gui\imgui\stb_textedit.h">
      <Filter>Header Files</Filter>
    </ClInclude>
    <ClInclude Include="galaxy\gui\imgui\stb_truetype.h">
      <Filter>Header Files</Filter>
    </ClInclude>
    <ClInclude Include="galaxy\core\Visuals\other_esp.h">
      <Filter>Header Files</Filter>
    </ClInclude>
    <ClInclude Include="galaxy\core\Aimbot\c_ragebot.h">
      <Filter>Header Files</Filter>
    </ClInclude>
    <ClInclude Include="galaxy\core\Animations System\animation_system.h">
      <Filter>Header Files</Filter>
    </ClInclude>
    <ClInclude Include="galaxy\valve_sdk\datamap.h">
      <Filter>Header Files</Filter>
    </ClInclude>
    <ClInclude Include="galaxy\core\AntiAim\c_antiaim.h">
      <Filter>Header Files</Filter>
    </ClInclude>
    <ClInclude Include="galaxy\core\Premium\exploits.h">
      <Filter>Header Files</Filter>
    </ClInclude>
    <ClInclude Include="galaxy\core\Premium\premium_stuff.h">
      <Filter>Header Files</Filter>
    </ClInclude>
    <ClInclude Include="galaxy\core\Aimbot\lag_compensation.h">
      <Filter>Header Files</Filter>
    </ClInclude>
    <ClInclude Include="galaxy\hooking_mode\vfunc_hook.hpp">
      <Filter>Header Files</Filter>
    </ClInclude>
    <ClInclude Include="galaxy\core\Premium\fakelag.h">
      <Filter>Header Files</Filter>
    </ClInclude>
  </ItemGroup>
</Project>